// !$*UTF8*$!
{
	archiveVersion = 1;
	classes = {
	};
	objectVersion = 48;
	objects = {

/* Begin PBXBuildFile section */
		45D39F26202814F900CE9EAD /* AppDelegate.swift in Sources */ = {isa = PBXBuildFile; fileRef = 45D39F25202814F900CE9EAD /* AppDelegate.swift */; };
		45D39F2B202814F900CE9EAD /* Main.storyboard in Resources */ = {isa = PBXBuildFile; fileRef = 45D39F29202814F900CE9EAD /* Main.storyboard */; };
		45D39F2D202814F900CE9EAD /* Assets.xcassets in Resources */ = {isa = PBXBuildFile; fileRef = 45D39F2C202814F900CE9EAD /* Assets.xcassets */; };
		45D39F30202814F900CE9EAD /* LaunchScreen.storyboard in Resources */ = {isa = PBXBuildFile; fileRef = 45D39F2E202814F900CE9EAD /* LaunchScreen.storyboard */; };
		45D39F3B202814FA00CE9EAD /* FlixTests.swift in Sources */ = {isa = PBXBuildFile; fileRef = 45D39F3A202814FA00CE9EAD /* FlixTests.swift */; };
		45D39F46202814FA00CE9EAD /* FlixUITests.swift in Sources */ = {isa = PBXBuildFile; fileRef = 45D39F45202814FA00CE9EAD /* FlixUITests.swift */; };
		45D39F56202815C100CE9EAD /* NowPlayingViewController.swift in Sources */ = {isa = PBXBuildFile; fileRef = 45D39F55202815C100CE9EAD /* NowPlayingViewController.swift */; };
/* End PBXBuildFile section */

/* Begin PBXContainerItemProxy section */
		45D39F37202814FA00CE9EAD /* PBXContainerItemProxy */ = {
			isa = PBXContainerItemProxy;
			containerPortal = 45D39F1A202814F900CE9EAD /* Project object */;
			proxyType = 1;
			remoteGlobalIDString = 45D39F21202814F900CE9EAD;
			remoteInfo = Flix;
		};
		45D39F42202814FA00CE9EAD /* PBXContainerItemProxy */ = {
			isa = PBXContainerItemProxy;
			containerPortal = 45D39F1A202814F900CE9EAD /* Project object */;
			proxyType = 1;
			remoteGlobalIDString = 45D39F21202814F900CE9EAD;
			remoteInfo = Flix;
		};
/* End PBXContainerItemProxy section */

/* Begin PBXFileReference section */
		45D39F22202814F900CE9EAD /* Flix.app */ = {isa = PBXFileReference; explicitFileType = wrapper.application; includeInIndex = 0; path = Flix.app; sourceTree = BUILT_PRODUCTS_DIR; };
		45D39F25202814F900CE9EAD /* AppDelegate.swift */ = {isa = PBXFileReference; lastKnownFileType = sourcecode.swift; path = AppDelegate.swift; sourceTree = "<group>"; };
		45D39F2A202814F900CE9EAD /* Base */ = {isa = PBXFileReference; lastKnownFileType = file.storyboard; name = Base; path = Base.lproj/Main.storyboard; sourceTree = "<group>"; };
		45D39F2C202814F900CE9EAD /* Assets.xcassets */ = {isa = PBXFileReference; lastKnownFileType = folder.assetcatalog; path = Assets.xcassets; sourceTree = "<group>"; };
		45D39F2F202814F900CE9EAD /* Base */ = {isa = PBXFileReference; lastKnownFileType = file.storyboard; name = Base; path = Base.lproj/LaunchScreen.storyboard; sourceTree = "<group>"; };
		45D39F31202814F900CE9EAD /* Info.plist */ = {isa = PBXFileReference; lastKnownFileType = text.plist.xml; path = Info.plist; sourceTree = "<group>"; };
		45D39F36202814FA00CE9EAD /* FlixTests.xctest */ = {isa = PBXFileReference; explicitFileType = wrapper.cfbundle; includeInIndex = 0; path = FlixTests.xctest; sourceTree = BUILT_PRODUCTS_DIR; };
		45D39F3A202814FA00CE9EAD /* FlixTests.swift */ = {isa = PBXFileReference; lastKnownFileType = sourcecode.swift; path = FlixTests.swift; sourceTree = "<group>"; };
		45D39F3C202814FA00CE9EAD /* Info.plist */ = {isa = PBXFileReference; lastKnownFileType = text.plist.xml; path = Info.plist; sourceTree = "<group>"; };
		45D39F41202814FA00CE9EAD /* FlixUITests.xctest */ = {isa = PBXFileReference; explicitFileType = wrapper.cfbundle; includeInIndex = 0; path = FlixUITests.xctest; sourceTree = BUILT_PRODUCTS_DIR; };
		45D39F45202814FA00CE9EAD /* FlixUITests.swift */ = {isa = PBXFileReference; lastKnownFileType = sourcecode.swift; path = FlixUITests.swift; sourceTree = "<group>"; };
		45D39F47202814FA00CE9EAD /* Info.plist */ = {isa = PBXFileReference; lastKnownFileType = text.plist.xml; path = Info.plist; sourceTree = "<group>"; };
		45D39F55202815C100CE9EAD /* NowPlayingViewController.swift */ = {isa = PBXFileReference; lastKnownFileType = sourcecode.swift; path = NowPlayingViewController.swift; sourceTree = "<group>"; };
/* End PBXFileReference section */

/* Begin PBXFrameworksBuildPhase section */
		45D39F1F202814F900CE9EAD /* Frameworks */ = {
			isa = PBXFrameworksBuildPhase;
			buildActionMask = 2147483647;
			files = (
			);
			runOnlyForDeploymentPostprocessing = 0;
		};
		45D39F33202814FA00CE9EAD /* Frameworks */ = {
			isa = PBXFrameworksBuildPhase;
			buildActionMask = 2147483647;
			files = (
			);
			runOnlyForDeploymentPostprocessing = 0;
		};
		45D39F3E202814FA00CE9EAD /* Frameworks */ = {
			isa = PBXFrameworksBuildPhase;
			buildActionMask = 2147483647;
			files = (
			);
			runOnlyForDeploymentPostprocessing = 0;
		};
/* End PBXFrameworksBuildPhase section */

/* Begin PBXGroup section */
		45D39F19202814F900CE9EAD = {
			isa = PBXGroup;
			children = (
				45D39F24202814F900CE9EAD /* Flix */,
				45D39F39202814FA00CE9EAD /* FlixTests */,
				45D39F44202814FA00CE9EAD /* FlixUITests */,
				45D39F23202814F900CE9EAD /* Products */,
			);
			sourceTree = "<group>";
		};
		45D39F23202814F900CE9EAD /* Products */ = {
			isa = PBXGroup;
			children = (
				45D39F22202814F900CE9EAD /* Flix.app */,
				45D39F36202814FA00CE9EAD /* FlixTests.xctest */,
				45D39F41202814FA00CE9EAD /* FlixUITests.xctest */,
			);
			name = Products;
			sourceTree = "<group>";
		};
		45D39F24202814F900CE9EAD /* Flix */ = {
			isa = PBXGroup;
			children = (
				45D39F25202814F900CE9EAD /* AppDelegate.swift */,
				45D39F29202814F900CE9EAD /* Main.storyboard */,
				45D39F2C202814F900CE9EAD /* Assets.xcassets */,
				45D39F2E202814F900CE9EAD /* LaunchScreen.storyboard */,
				45D39F31202814F900CE9EAD /* Info.plist */,
				45D39F55202815C100CE9EAD /* NowPlayingViewController.swift */,
			);
			path = Flix;
			sourceTree = "<group>";
		};
		45D39F39202814FA00CE9EAD /* FlixTests */ = {
			isa = PBXGroup;
			children = (
				45D39F3A202814FA00CE9EAD /* FlixTests.swift */,
				45D39F3C202814FA00CE9EAD /* Info.plist */,
			);
			path = FlixTests;
			sourceTree = "<group>";
		};
		45D39F44202814FA00CE9EAD /* FlixUITests */ = {
			isa = PBXGroup;
			children = (
				45D39F45202814FA00CE9EAD /* FlixUITests.swift */,
				45D39F47202814FA00CE9EAD /* Info.plist */,
			);
			path = FlixUITests;
			sourceTree = "<group>";
		};
/* End PBXGroup section */

/* Begin PBXNativeTarget section */
		45D39F21202814F900CE9EAD /* Flix */ = {
			isa = PBXNativeTarget;
			buildConfigurationList = 45D39F4A202814FA00CE9EAD /* Build configuration list for PBXNativeTarget "Flix" */;
			buildPhases = (
				45D39F1E202814F900CE9EAD /* Sources */,
				45D39F1F202814F900CE9EAD /* Frameworks */,
				45D39F20202814F900CE9EAD /* Resources */,
			);
			buildRules = (
			);
			dependencies = (
			);
			name = Flix;
			productName = Flix;
			productReference = 45D39F22202814F900CE9EAD /* Flix.app */;
			productType = "com.apple.product-type.application";
		};
		45D39F35202814FA00CE9EAD /* FlixTests */ = {
			isa = PBXNativeTarget;
			buildConfigurationList = 45D39F4D202814FA00CE9EAD /* Build configuration list for PBXNativeTarget "FlixTests" */;
			buildPhases = (
				45D39F32202814FA00CE9EAD /* Sources */,
				45D39F33202814FA00CE9EAD /* Frameworks */,
				45D39F34202814FA00CE9EAD /* Resources */,
			);
			buildRules = (
			);
			dependencies = (
				45D39F38202814FA00CE9EAD /* PBXTargetDependency */,
			);
			name = FlixTests;
			productName = FlixTests;
			productReference = 45D39F36202814FA00CE9EAD /* FlixTests.xctest */;
			productType = "com.apple.product-type.bundle.unit-test";
		};
		45D39F40202814FA00CE9EAD /* FlixUITests */ = {
			isa = PBXNativeTarget;
			buildConfigurationList = 45D39F50202814FA00CE9EAD /* Build configuration list for PBXNativeTarget "FlixUITests" */;
			buildPhases = (
				45D39F3D202814FA00CE9EAD /* Sources */,
				45D39F3E202814FA00CE9EAD /* Frameworks */,
				45D39F3F202814FA00CE9EAD /* Resources */,
			);
			buildRules = (
			);
			dependencies = (
				45D39F43202814FA00CE9EAD /* PBXTargetDependency */,
			);
			name = FlixUITests;
			productName = FlixUITests;
			productReference = 45D39F41202814FA00CE9EAD /* FlixUITests.xctest */;
			productType = "com.apple.product-type.bundle.ui-testing";
		};
/* End PBXNativeTarget section */

/* Begin PBXProject section */
		45D39F1A202814F900CE9EAD /* Project object */ = {
			isa = PBXProject;
			attributes = {
				LastSwiftUpdateCheck = 0920;
				LastUpgradeCheck = 0920;
				ORGANIZATIONNAME = "Aayush Gupta";
				TargetAttributes = {
					45D39F21202814F900CE9EAD = {
						CreatedOnToolsVersion = 9.2;
						ProvisioningStyle = Automatic;
					};
					45D39F35202814FA00CE9EAD = {
						CreatedOnToolsVersion = 9.2;
						ProvisioningStyle = Automatic;
						TestTargetID = 45D39F21202814F900CE9EAD;
					};
					45D39F40202814FA00CE9EAD = {
						CreatedOnToolsVersion = 9.2;
						ProvisioningStyle = Automatic;
						TestTargetID = 45D39F21202814F900CE9EAD;
					};
				};
			};
			buildConfigurationList = 45D39F1D202814F900CE9EAD /* Build configuration list for PBXProject "Flix" */;
			compatibilityVersion = "Xcode 8.0";
			developmentRegion = en;
			hasScannedForEncodings = 0;
			knownRegions = (
				en,
				Base,
			);
			mainGroup = 45D39F19202814F900CE9EAD;
			productRefGroup = 45D39F23202814F900CE9EAD /* Products */;
			projectDirPath = "";
			projectRoot = "";
			targets = (
				45D39F21202814F900CE9EAD /* Flix */,
				45D39F35202814FA00CE9EAD /* FlixTests */,
				45D39F40202814FA00CE9EAD /* FlixUITests */,
			);
		};
/* End PBXProject section */

/* Begin PBXResourcesBuildPhase section */
		45D39F20202814F900CE9EAD /* Resources */ = {
			isa = PBXResourcesBuildPhase;
			buildActionMask = 2147483647;
			files = (
				45D39F30202814F900CE9EAD /* LaunchScreen.storyboard in Resources */,
				45D39F2D202814F900CE9EAD /* Assets.xcassets in Resources */,
				45D39F2B202814F900CE9EAD /* Main.storyboard in Resources */,
			);
			runOnlyForDeploymentPostprocessing = 0;
		};
		45D39F34202814FA00CE9EAD /* Resources */ = {
			isa = PBXResourcesBuildPhase;
			buildActionMask = 2147483647;
			files = (
			);
			runOnlyForDeploymentPostprocessing = 0;
		};
		45D39F3F202814FA00CE9EAD /* Resources */ = {
			isa = PBXResourcesBuildPhase;
			buildActionMask = 2147483647;
			files = (
			);
			runOnlyForDeploymentPostprocessing = 0;
		};
/* End PBXResourcesBuildPhase section */

/* Begin PBXSourcesBuildPhase section */
		45D39F1E202814F900CE9EAD /* Sources */ = {
			isa = PBXSourcesBuildPhase;
			buildActionMask = 2147483647;
			files = (
				45D39F56202815C100CE9EAD /* NowPlayingViewController.swift in Sources */,
				45D39F26202814F900CE9EAD /* AppDelegate.swift in Sources */,
			);
			runOnlyForDeploymentPostprocessing = 0;
		};
		45D39F32202814FA00CE9EAD /* Sources */ = {
			isa = PBXSourcesBuildPhase;
			buildActionMask = 2147483647;
			files = (
				45D39F3B202814FA00CE9EAD /* FlixTests.swift in Sources */,
			);
			runOnlyForDeploymentPostprocessing = 0;
		};
		45D39F3D202814FA00CE9EAD /* Sources */ = {
			isa = PBXSourcesBuildPhase;
			buildActionMask = 2147483647;
			files = (
				45D39F46202814FA00CE9EAD /* FlixUITests.swift in Sources */,
			);
			runOnlyForDeploymentPostprocessing = 0;
		};
/* End PBXSourcesBuildPhase section */

/* Begin PBXTargetDependency section */
		45D39F38202814FA00CE9EAD /* PBXTargetDependency */ = {
			isa = PBXTargetDependency;
			target = 45D39F21202814F900CE9EAD /* Flix */;
			targetProxy = 45D39F37202814FA00CE9EAD /* PBXContainerItemProxy */;
		};
		45D39F43202814FA00CE9EAD /* PBXTargetDependency */ = {
			isa = PBXTargetDependency;
			target = 45D39F21202814F900CE9EAD /* Flix */;
			targetProxy = 45D39F42202814FA00CE9EAD /* PBXContainerItemProxy */;
		};
/* End PBXTargetDependency section */

/* Begin PBXVariantGroup section */
		45D39F29202814F900CE9EAD /* Main.storyboard */ = {
			isa = PBXVariantGroup;
			children = (
				45D39F2A202814F900CE9EAD /* Base */,
			);
			name = Main.storyboard;
			sourceTree = "<group>";
		};
		45D39F2E202814F900CE9EAD /* LaunchScreen.storyboard */ = {
			isa = PBXVariantGroup;
			children = (
				45D39F2F202814F900CE9EAD /* Base */,
			);
			name = LaunchScreen.storyboard;
			sourceTree = "<group>";
		};
/* End PBXVariantGroup section */

/* Begin XCBuildConfiguration section */
		45D39F48202814FA00CE9EAD /* Debug */ = {
			isa = XCBuildConfiguration;
			buildSettings = {
				ALWAYS_SEARCH_USER_PATHS = NO;
				CLANG_ANALYZER_NONNULL = YES;
				CLANG_ANALYZER_NUMBER_OBJECT_CONVERSION = YES_AGGRESSIVE;
				CLANG_CXX_LANGUAGE_STANDARD = "gnu++14";
				CLANG_CXX_LIBRARY = "libc++";
				CLANG_ENABLE_MODULES = YES;
				CLANG_ENABLE_OBJC_ARC = YES;
				CLANG_WARN_BLOCK_CAPTURE_AUTORELEASING = YES;
				CLANG_WARN_BOOL_CONVERSION = YES;
				CLANG_WARN_COMMA = YES;
				CLANG_WARN_CONSTANT_CONVERSION = YES;
				CLANG_WARN_DIRECT_OBJC_ISA_USAGE = YES_ERROR;
				CLANG_WARN_DOCUMENTATION_COMMENTS = YES;
				CLANG_WARN_EMPTY_BODY = YES;
				CLANG_WARN_ENUM_CONVERSION = YES;
				CLANG_WARN_INFINITE_RECURSION = YES;
				CLANG_WARN_INT_CONVERSION = YES;
				CLANG_WARN_NON_LITERAL_NULL_CONVERSION = YES;
				CLANG_WARN_OBJC_LITERAL_CONVERSION = YES;
				CLANG_WARN_OBJC_ROOT_CLASS = YES_ERROR;
				CLANG_WARN_RANGE_LOOP_ANALYSIS = YES;
				CLANG_WARN_STRICT_PROTOTYPES = YES;
				CLANG_WARN_SUSPICIOUS_MOVE = YES;
				CLANG_WARN_UNGUARDED_AVAILABILITY = YES_AGGRESSIVE;
				CLANG_WARN_UNREACHABLE_CODE = YES;
				CLANG_WARN__DUPLICATE_METHOD_MATCH = YES;
				CODE_SIGN_IDENTITY = "iPhone Developer";
				COPY_PHASE_STRIP = NO;
				DEBUG_INFORMATION_FORMAT = dwarf;
				ENABLE_STRICT_OBJC_MSGSEND = YES;
				ENABLE_TESTABILITY = YES;
				GCC_C_LANGUAGE_STANDARD = gnu11;
				GCC_DYNAMIC_NO_PIC = NO;
				GCC_NO_COMMON_BLOCKS = YES;
				GCC_OPTIMIZATION_LEVEL = 0;
				GCC_PREPROCESSOR_DEFINITIONS = (
					"DEBUG=1",
					"$(inherited)",
				);
				GCC_WARN_64_TO_32_BIT_CONVERSION = YES;
				GCC_WARN_ABOUT_RETURN_TYPE = YES_ERROR;
				GCC_WARN_UNDECLARED_SELECTOR = YES;
				GCC_WARN_UNINITIALIZED_AUTOS = YES_AGGRESSIVE;
				GCC_WARN_UNUSED_FUNCTION = YES;
				GCC_WARN_UNUSED_VARIABLE = YES;
				IPHONEOS_DEPLOYMENT_TARGET = 11.2;
				MTL_ENABLE_DEBUG_INFO = YES;
				ONLY_ACTIVE_ARCH = YES;
				SDKROOT = iphoneos;
				SWIFT_ACTIVE_COMPILATION_CONDITIONS = DEBUG;
				SWIFT_OPTIMIZATION_LEVEL = "-Onone";
			};
			name = Debug;
		};
		45D39F49202814FA00CE9EAD /* Release */ = {
			isa = XCBuildConfiguration;
			buildSettings = {
				ALWAYS_SEARCH_USER_PATHS = NO;
				CLANG_ANALYZER_NONNULL = YES;
				CLANG_ANALYZER_NUMBER_OBJECT_CONVERSION = YES_AGGRESSIVE;
				CLANG_CXX_LANGUAGE_STANDARD = "gnu++14";
				CLANG_CXX_LIBRARY = "libc++";
				CLANG_ENABLE_MODULES = YES;
				CLANG_ENABLE_OBJC_ARC = YES;
				CLANG_WARN_BLOCK_CAPTURE_AUTORELEASING = YES;
				CLANG_WARN_BOOL_CONVERSION = YES;
				CLANG_WARN_COMMA = YES;
				CLANG_WARN_CONSTANT_CONVERSION = YES;
				CLANG_WARN_DIRECT_OBJC_ISA_USAGE = YES_ERROR;
				CLANG_WARN_DOCUMENTATION_COMMENTS = YES;
				CLANG_WARN_EMPTY_BODY = YES;
				CLANG_WARN_ENUM_CONVERSION = YES;
				CLANG_WARN_INFINITE_RECURSION = YES;
				CLANG_WARN_INT_CONVERSION = YES;
				CLANG_WARN_NON_LITERAL_NULL_CONVERSION = YES;
				CLANG_WARN_OBJC_LITERAL_CONVERSION = YES;
				CLANG_WARN_OBJC_ROOT_CLASS = YES_ERROR;
				CLANG_WARN_RANGE_LOOP_ANALYSIS = YES;
				CLANG_WARN_STRICT_PROTOTYPES = YES;
				CLANG_WARN_SUSPICIOUS_MOVE = YES;
				CLANG_WARN_UNGUARDED_AVAILABILITY = YES_AGGRESSIVE;
				CLANG_WARN_UNREACHABLE_CODE = YES;
				CLANG_WARN__DUPLICATE_METHOD_MATCH = YES;
				CODE_SIGN_IDENTITY = "iPhone Developer";
				COPY_PHASE_STRIP = NO;
				DEBUG_INFORMATION_FORMAT = "dwarf-with-dsym";
				ENABLE_NS_ASSERTIONS = NO;
				ENABLE_STRICT_OBJC_MSGSEND = YES;
				GCC_C_LANGUAGE_STANDARD = gnu11;
				GCC_NO_COMMON_BLOCKS = YES;
				GCC_WARN_64_TO_32_BIT_CONVERSION = YES;
				GCC_WARN_ABOUT_RETURN_TYPE = YES_ERROR;
				GCC_WARN_UNDECLARED_SELECTOR = YES;
				GCC_WARN_UNINITIALIZED_AUTOS = YES_AGGRESSIVE;
				GCC_WARN_UNUSED_FUNCTION = YES;
				GCC_WARN_UNUSED_VARIABLE = YES;
				IPHONEOS_DEPLOYMENT_TARGET = 11.2;
				MTL_ENABLE_DEBUG_INFO = NO;
				SDKROOT = iphoneos;
				SWIFT_OPTIMIZATION_LEVEL = "-Owholemodule";
				VALIDATE_PRODUCT = YES;
			};
			name = Release;
		};
		45D39F4B202814FA00CE9EAD /* Debug */ = {
			isa = XCBuildConfiguration;
			buildSettings = {
				ASSETCATALOG_COMPILER_APPICON_NAME = AppIcon;
				CODE_SIGN_STYLE = Automatic;
				INFOPLIST_FILE = Flix/Info.plist;
				LD_RUNPATH_SEARCH_PATHS = "$(inherited) @executable_path/Frameworks";
				PRODUCT_BUNDLE_IDENTIFIER = None.Flix;
				PRODUCT_NAME = "$(TARGET_NAME)";
				SWIFT_VERSION = 4.0;
				TARGETED_DEVICE_FAMILY = "1,2";
			};
			name = Debug;
		};
		45D39F4C202814FA00CE9EAD /* Release */ = {
			isa = XCBuildConfiguration;
			buildSettings = {
				ASSETCATALOG_COMPILER_APPICON_NAME = AppIcon;
				CODE_SIGN_STYLE = Automatic;
				INFOPLIST_FILE = Flix/Info.plist;
				LD_RUNPATH_SEARCH_PATHS = "$(inherited) @executable_path/Frameworks";
				PRODUCT_BUNDLE_IDENTIFIER = None.Flix;
				PRODUCT_NAME = "$(TARGET_NAME)";
				SWIFT_VERSION = 4.0;
				TARGETED_DEVICE_FAMILY = "1,2";
			};
			name = Release;
		};
		45D39F4E202814FA00CE9EAD /* Debug */ = {
			isa = XCBuildConfiguration;
			buildSettings = {
				ALWAYS_EMBED_SWIFT_STANDARD_LIBRARIES = YES;
				BUNDLE_LOADER = "$(TEST_HOST)";
				CODE_SIGN_STYLE = Automatic;
				INFOPLIST_FILE = FlixTests/Info.plist;
				LD_RUNPATH_SEARCH_PATHS = "$(inherited) @executable_path/Frameworks @loader_path/Frameworks";
				PRODUCT_BUNDLE_IDENTIFIER = None.FlixTests;
				PRODUCT_NAME = "$(TARGET_NAME)";
				SWIFT_VERSION = 4.0;
				TARGETED_DEVICE_FAMILY = "1,2";
				TEST_HOST = "$(BUILT_PRODUCTS_DIR)/Flix.app/Flix";
			};
			name = Debug;
		};
		45D39F4F202814FA00CE9EAD /* Release */ = {
			isa = XCBuildConfiguration;
			buildSettings = {
				ALWAYS_EMBED_SWIFT_STANDARD_LIBRARIES = YES;
				BUNDLE_LOADER = "$(TEST_HOST)";
				CODE_SIGN_STYLE = Automatic;
				INFOPLIST_FILE = FlixTests/Info.plist;
				LD_RUNPATH_SEARCH_PATHS = "$(inherited) @executable_path/Frameworks @loader_path/Frameworks";
				PRODUCT_BUNDLE_IDENTIFIER = None.FlixTests;
				PRODUCT_NAME = "$(TARGET_NAME)";
				SWIFT_VERSION = 4.0;
				TARGETED_DEVICE_FAMILY = "1,2";
				TEST_HOST = "$(BUILT_PRODUCTS_DIR)/Flix.app/Flix";
			};
			name = Release;
		};
		45D39F51202814FA00CE9EAD /* Debug */ = {
			isa = XCBuildConfiguration;
			buildSettings = {
				ALWAYS_EMBED_SWIFT_STANDARD_LIBRARIES = YES;
				CODE_SIGN_STYLE = Automatic;
				INFOPLIST_FILE = FlixUITests/Info.plist;
				LD_RUNPATH_SEARCH_PATHS = "$(inherited) @executable_path/Frameworks @loader_path/Frameworks";
				PRODUCT_BUNDLE_IDENTIFIER = None.FlixUITests;
				PRODUCT_NAME = "$(TARGET_NAME)";
				SWIFT_VERSION = 4.0;
				TARGETED_DEVICE_FAMILY = "1,2";
				TEST_TARGET_NAME = Flix;
			};
			name = Debug;
		};
		45D39F52202814FA00CE9EAD /* Release */ = {
			isa = XCBuildConfiguration;
			buildSettings = {
				ALWAYS_EMBED_SWIFT_STANDARD_LIBRARIES = YES;
				CODE_SIGN_STYLE = Automatic;
				INFOPLIST_FILE = FlixUITests/Info.plist;
				LD_RUNPATH_SEARCH_PATHS = "$(inherited) @executable_path/Frameworks @loader_path/Frameworks";
				PRODUCT_BUNDLE_IDENTIFIER = None.FlixUITests;
				PRODUCT_NAME = "$(TARGET_NAME)";
				SWIFT_VERSION = 4.0;
				TARGETED_DEVICE_FAMILY = "1,2";
				TEST_TARGET_NAME = Flix;
			};
			name = Release;
		};
/* End XCBuildConfiguration section */

/* Begin XCConfigurationList section */
		45D39F1D202814F900CE9EAD /* Build configuration list for PBXProject "Flix" */ = {
			isa = XCConfigurationList;
			buildConfigurations = (
				45D39F48202814FA00CE9EAD /* Debug */,
				45D39F49202814FA00CE9EAD /* Release */,
			);
			defaultConfigurationIsVisible = 0;
			defaultConfigurationName = Release;
		};
		45D39F4A202814FA00CE9EAD /* Build configuration list for PBXNativeTarget "Flix" */ = {
			isa = XCConfigurationList;
			buildConfigurations = (
				45D39F4B202814FA00CE9EAD /* Debug */,
				45D39F4C202814FA00CE9EAD /* Release */,
			);
			defaultConfigurationIsVisible = 0;
			defaultConfigurationName = Release;
		};
		45D39F4D202814FA00CE9EAD /* Build configuration list for PBXNativeTarget "FlixTests" */ = {
			isa = XCConfigurationList;
			buildConfigurations = (
				45D39F4E202814FA00CE9EAD /* Debug */,
				45D39F4F202814FA00CE9EAD /* Release */,
			);
			defaultConfigurationIsVisible = 0;
			defaultConfigurationName = Release;
		};
		45D39F50202814FA00CE9EAD /* Build configuration list for PBXNativeTarget "FlixUITests" */ = {
			isa = XCConfigurationList;
			buildConfigurations = (
				45D39F51202814FA00CE9EAD /* Debug */,
				45D39F52202814FA00CE9EAD /* Release */,
			);
			defaultConfigurationIsVisible = 0;
			defaultConfigurationName = Release;
		};
/* End XCConfigurationList section */
	};
	rootObject = 45D39F1A202814F900CE9EAD /* Project object */;
}
