// !$*UTF8*$!
{
	archiveVersion = 1;
	classes = {
	};
	objectVersion = 48;
	objects = {

/* Begin PBXBuildFile section */
		09FF1E37204C72F200BEF258 /* Movie.swift in Sources */ = {isa = PBXBuildFile; fileRef = 09FF1E36204C72F200BEF258 /* Movie.swift */; };
		09FF1E39204C78CE00BEF258 /* MovieAPIManager.swift in Sources */ = {isa = PBXBuildFile; fileRef = 09FF1E38204C78CE00BEF258 /* MovieAPIManager.swift */; };
		1B248C0B5B8DB862FF1346BD /* Pods_FlixTests.framework in Frameworks */ = {isa = PBXBuildFile; fileRef = 9F4EF98EF1F69A1E18C0C702 /* Pods_FlixTests.framework */; };
		45D39F26202814F900CE9EAD /* AppDelegate.swift in Sources */ = {isa = PBXBuildFile; fileRef = 45D39F25202814F900CE9EAD /* AppDelegate.swift */; };
		45D39F2B202814F900CE9EAD /* Main.storyboard in Resources */ = {isa = PBXBuildFile; fileRef = 45D39F29202814F900CE9EAD /* Main.storyboard */; };
		45D39F2D202814F900CE9EAD /* Assets.xcassets in Resources */ = {isa = PBXBuildFile; fileRef = 45D39F2C202814F900CE9EAD /* Assets.xcassets */; };
		45D39F30202814F900CE9EAD /* LaunchScreen.storyboard in Resources */ = {isa = PBXBuildFile; fileRef = 45D39F2E202814F900CE9EAD /* LaunchScreen.storyboard */; };
		45D39F3B202814FA00CE9EAD /* FlixTests.swift in Sources */ = {isa = PBXBuildFile; fileRef = 45D39F3A202814FA00CE9EAD /* FlixTests.swift */; };
		45D39F46202814FA00CE9EAD /* FlixUITests.swift in Sources */ = {isa = PBXBuildFile; fileRef = 45D39F45202814FA00CE9EAD /* FlixUITests.swift */; };
		45D39F56202815C100CE9EAD /* NowPlayingViewController.swift in Sources */ = {isa = PBXBuildFile; fileRef = 45D39F55202815C100CE9EAD /* NowPlayingViewController.swift */; };
		45D39F582028266200CE9EAD /* MovieCell.swift in Sources */ = {isa = PBXBuildFile; fileRef = 45D39F572028266200CE9EAD /* MovieCell.swift */; };
		90B78FE05B257FDBFCD19313 /* Pods_Flix.framework in Frameworks */ = {isa = PBXBuildFile; fileRef = 9A1392C89F9C8036B3F4DD9F /* Pods_Flix.framework */; };
		91FF91DE203130BD00C57C09 /* DetailViewController.swift in Sources */ = {isa = PBXBuildFile; fileRef = 91FF91DD203130BD00C57C09 /* DetailViewController.swift */; };
		91FF91E020313BE000C57C09 /* PosterCell.swift in Sources */ = {isa = PBXBuildFile; fileRef = 91FF91DF20313BE000C57C09 /* PosterCell.swift */; };
		91FF91E220313C2600C57C09 /* SuperheroViewController.swift in Sources */ = {isa = PBXBuildFile; fileRef = 91FF91E120313C2600C57C09 /* SuperheroViewController.swift */; };
		C9133A2F5B53C6029EB68BE2 /* Pods_FlixUITests.framework in Frameworks */ = {isa = PBXBuildFile; fileRef = 2C6C01ECBB729F1D8D60B1EE /* Pods_FlixUITests.framework */; };
/* End PBXBuildFile section */

/* Begin PBXContainerItemProxy section */
		45D39F37202814FA00CE9EAD /* PBXContainerItemProxy */ = {
			isa = PBXContainerItemProxy;
			containerPortal = 45D39F1A202814F900CE9EAD /* Project object */;
			proxyType = 1;
			remoteGlobalIDString = 45D39F21202814F900CE9EAD;
			remoteInfo = Flix;
		};
		45D39F42202814FA00CE9EAD /* PBXContainerItemProxy */ = {
			isa = PBXContainerItemProxy;
			containerPortal = 45D39F1A202814F900CE9EAD /* Project object */;
			proxyType = 1;
			remoteGlobalIDString = 45D39F21202814F900CE9EAD;
			remoteInfo = Flix;
		};
/* End PBXContainerItemProxy section */

/* Begin PBXFileReference section */
		09FF1E36204C72F200BEF258 /* Movie.swift */ = {isa = PBXFileReference; lastKnownFileType = sourcecode.swift; path = Movie.swift; sourceTree = "<group>"; };
		09FF1E38204C78CE00BEF258 /* MovieAPIManager.swift */ = {isa = PBXFileReference; lastKnownFileType = sourcecode.swift; path = MovieAPIManager.swift; sourceTree = "<group>"; };
		2C6C01ECBB729F1D8D60B1EE /* Pods_FlixUITests.framework */ = {isa = PBXFileReference; explicitFileType = wrapper.framework; includeInIndex = 0; path = Pods_FlixUITests.framework; sourceTree = BUILT_PRODUCTS_DIR; };
		42056F8FBDA8DE000140FBF6 /* Pods-FlixUITests.release.xcconfig */ = {isa = PBXFileReference; includeInIndex = 1; lastKnownFileType = text.xcconfig; name = "Pods-FlixUITests.release.xcconfig"; path = "Pods/Target Support Files/Pods-FlixUITests/Pods-FlixUITests.release.xcconfig"; sourceTree = "<group>"; };
		45D39F22202814F900CE9EAD /* Flix.app */ = {isa = PBXFileReference; explicitFileType = wrapper.application; includeInIndex = 0; path = Flix.app; sourceTree = BUILT_PRODUCTS_DIR; };
		45D39F25202814F900CE9EAD /* AppDelegate.swift */ = {isa = PBXFileReference; lastKnownFileType = sourcecode.swift; path = AppDelegate.swift; sourceTree = "<group>"; };
		45D39F2A202814F900CE9EAD /* Base */ = {isa = PBXFileReference; lastKnownFileType = file.storyboard; name = Base; path = Base.lproj/Main.storyboard; sourceTree = "<group>"; };
		45D39F2C202814F900CE9EAD /* Assets.xcassets */ = {isa = PBXFileReference; lastKnownFileType = folder.assetcatalog; path = Assets.xcassets; sourceTree = "<group>"; };
		45D39F2F202814F900CE9EAD /* Base */ = {isa = PBXFileReference; lastKnownFileType = file.storyboard; name = Base; path = Base.lproj/LaunchScreen.storyboard; sourceTree = "<group>"; };
		45D39F31202814F900CE9EAD /* Info.plist */ = {isa = PBXFileReference; lastKnownFileType = text.plist.xml; path = Info.plist; sourceTree = "<group>"; };
		45D39F36202814FA00CE9EAD /* FlixTests.xctest */ = {isa = PBXFileReference; explicitFileType = wrapper.cfbundle; includeInIndex = 0; path = FlixTests.xctest; sourceTree = BUILT_PRODUCTS_DIR; };
		45D39F3A202814FA00CE9EAD /* FlixTests.swift */ = {isa = PBXFileReference; lastKnownFileType = sourcecode.swift; path = FlixTests.swift; sourceTree = "<group>"; };
		45D39F3C202814FA00CE9EAD /* Info.plist */ = {isa = PBXFileReference; lastKnownFileType = text.plist.xml; path = Info.plist; sourceTree = "<group>"; };
		45D39F41202814FA00CE9EAD /* FlixUITests.xctest */ = {isa = PBXFileReference; explicitFileType = wrapper.cfbundle; includeInIndex = 0; path = FlixUITests.xctest; sourceTree = BUILT_PRODUCTS_DIR; };
		45D39F45202814FA00CE9EAD /* FlixUITests.swift */ = {isa = PBXFileReference; lastKnownFileType = sourcecode.swift; path = FlixUITests.swift; sourceTree = "<group>"; };
		45D39F47202814FA00CE9EAD /* Info.plist */ = {isa = PBXFileReference; lastKnownFileType = text.plist.xml; path = Info.plist; sourceTree = "<group>"; };
		45D39F55202815C100CE9EAD /* NowPlayingViewController.swift */ = {isa = PBXFileReference; lastKnownFileType = sourcecode.swift; path = NowPlayingViewController.swift; sourceTree = "<group>"; };
		45D39F572028266200CE9EAD /* MovieCell.swift */ = {isa = PBXFileReference; lastKnownFileType = sourcecode.swift; path = MovieCell.swift; sourceTree = "<group>"; };
		7EBCFCF57D9977CD943EBB61 /* Pods-FlixTests.debug.xcconfig */ = {isa = PBXFileReference; includeInIndex = 1; lastKnownFileType = text.xcconfig; name = "Pods-FlixTests.debug.xcconfig"; path = "Pods/Target Support Files/Pods-FlixTests/Pods-FlixTests.debug.xcconfig"; sourceTree = "<group>"; };
		91FF91DD203130BD00C57C09 /* DetailViewController.swift */ = {isa = PBXFileReference; lastKnownFileType = sourcecode.swift; path = DetailViewController.swift; sourceTree = "<group>"; };
		91FF91DF20313BE000C57C09 /* PosterCell.swift */ = {isa = PBXFileReference; lastKnownFileType = sourcecode.swift; path = PosterCell.swift; sourceTree = "<group>"; };
		91FF91E120313C2600C57C09 /* SuperheroViewController.swift */ = {isa = PBXFileReference; lastKnownFileType = sourcecode.swift; path = SuperheroViewController.swift; sourceTree = "<group>"; };
		9A1392C89F9C8036B3F4DD9F /* Pods_Flix.framework */ = {isa = PBXFileReference; explicitFileType = wrapper.framework; includeInIndex = 0; path = Pods_Flix.framework; sourceTree = BUILT_PRODUCTS_DIR; };
		9F4EF98EF1F69A1E18C0C702 /* Pods_FlixTests.framework */ = {isa = PBXFileReference; explicitFileType = wrapper.framework; includeInIndex = 0; path = Pods_FlixTests.framework; sourceTree = BUILT_PRODUCTS_DIR; };
		AB1210F0BA08E2A8FDD33D2E /* Pods-FlixUITests.debug.xcconfig */ = {isa = PBXFileReference; includeInIndex = 1; lastKnownFileType = text.xcconfig; name = "Pods-FlixUITests.debug.xcconfig"; path = "Pods/Target Support Files/Pods-FlixUITests/Pods-FlixUITests.debug.xcconfig"; sourceTree = "<group>"; };
		B9C698AD258B76AF1E34AF58 /* Pods-FlixTests.release.xcconfig */ = {isa = PBXFileReference; includeInIndex = 1; lastKnownFileType = text.xcconfig; name = "Pods-FlixTests.release.xcconfig"; path = "Pods/Target Support Files/Pods-FlixTests/Pods-FlixTests.release.xcconfig"; sourceTree = "<group>"; };
		BC6F2ABE088BC7C091CA0544 /* Pods-Flix.release.xcconfig */ = {isa = PBXFileReference; includeInIndex = 1; lastKnownFileType = text.xcconfig; name = "Pods-Flix.release.xcconfig"; path = "Pods/Target Support Files/Pods-Flix/Pods-Flix.release.xcconfig"; sourceTree = "<group>"; };
		E147CD26A6F3A0707883BCBA /* Pods-Flix.debug.xcconfig */ = {isa = PBXFileReference; includeInIndex = 1; lastKnownFileType = text.xcconfig; name = "Pods-Flix.debug.xcconfig"; path = "Pods/Target Support Files/Pods-Flix/Pods-Flix.debug.xcconfig"; sourceTree = "<group>"; };
/* End PBXFileReference section */

/* Begin PBXFrameworksBuildPhase section */
		45D39F1F202814F900CE9EAD /* Frameworks */ = {
			isa = PBXFrameworksBuildPhase;
			buildActionMask = 2147483647;
			files = (
				90B78FE05B257FDBFCD19313 /* Pods_Flix.framework in Frameworks */,
			);
			runOnlyForDeploymentPostprocessing = 0;
		};
		45D39F33202814FA00CE9EAD /* Frameworks */ = {
			isa = PBXFrameworksBuildPhase;
			buildActionMask = 2147483647;
			files = (
				1B248C0B5B8DB862FF1346BD /* Pods_FlixTests.framework in Frameworks */,
			);
			runOnlyForDeploymentPostprocessing = 0;
		};
		45D39F3E202814FA00CE9EAD /* Frameworks */ = {
			isa = PBXFrameworksBuildPhase;
			buildActionMask = 2147483647;
			files = (
				C9133A2F5B53C6029EB68BE2 /* Pods_FlixUITests.framework in Frameworks */,
			);
			runOnlyForDeploymentPostprocessing = 0;
		};
/* End PBXFrameworksBuildPhase section */

/* Begin PBXGroup section */
		2DB54B8FCFA2DA35F3AC2BBA /* Frameworks */ = {
			isa = PBXGroup;
			children = (
				9A1392C89F9C8036B3F4DD9F /* Pods_Flix.framework */,
				9F4EF98EF1F69A1E18C0C702 /* Pods_FlixTests.framework */,
				2C6C01ECBB729F1D8D60B1EE /* Pods_FlixUITests.framework */,
			);
			name = Frameworks;
			sourceTree = "<group>";
		};
		4528BDB14D48955B11BEFB31 /* Pods */ = {
			isa = PBXGroup;
			children = (
				E147CD26A6F3A0707883BCBA /* Pods-Flix.debug.xcconfig */,
				BC6F2ABE088BC7C091CA0544 /* Pods-Flix.release.xcconfig */,
				7EBCFCF57D9977CD943EBB61 /* Pods-FlixTests.debug.xcconfig */,
				B9C698AD258B76AF1E34AF58 /* Pods-FlixTests.release.xcconfig */,
				AB1210F0BA08E2A8FDD33D2E /* Pods-FlixUITests.debug.xcconfig */,
				42056F8FBDA8DE000140FBF6 /* Pods-FlixUITests.release.xcconfig */,
			);
			name = Pods;
			sourceTree = "<group>";
		};
		45D39F19202814F900CE9EAD = {
			isa = PBXGroup;
			children = (
				45D39F24202814F900CE9EAD /* Flix */,
				45D39F39202814FA00CE9EAD /* FlixTests */,
				45D39F44202814FA00CE9EAD /* FlixUITests */,
				45D39F23202814F900CE9EAD /* Products */,
				4528BDB14D48955B11BEFB31 /* Pods */,
				2DB54B8FCFA2DA35F3AC2BBA /* Frameworks */,
			);
			sourceTree = "<group>";
		};
		45D39F23202814F900CE9EAD /* Products */ = {
			isa = PBXGroup;
			children = (
				45D39F22202814F900CE9EAD /* Flix.app */,
				45D39F36202814FA00CE9EAD /* FlixTests.xctest */,
				45D39F41202814FA00CE9EAD /* FlixUITests.xctest */,
			);
			name = Products;
			sourceTree = "<group>";
		};
		45D39F24202814F900CE9EAD /* Flix */ = {
			isa = PBXGroup;
			children = (
				91FF91DC2031307D00C57C09 /* ViewControllers */,
				91FF91DB2031306F00C57C09 /* Views */,
				45D39F25202814F900CE9EAD /* AppDelegate.swift */,
				45D39F29202814F900CE9EAD /* Main.storyboard */,
				45D39F2C202814F900CE9EAD /* Assets.xcassets */,
				45D39F2E202814F900CE9EAD /* LaunchScreen.storyboard */,
				45D39F31202814F900CE9EAD /* Info.plist */,
				09FF1E36204C72F200BEF258 /* Movie.swift */,
				09FF1E38204C78CE00BEF258 /* MovieAPIManager.swift */,
			);
			path = Flix;
			sourceTree = "<group>";
		};
		45D39F39202814FA00CE9EAD /* FlixTests */ = {
			isa = PBXGroup;
			children = (
				45D39F3A202814FA00CE9EAD /* FlixTests.swift */,
				45D39F3C202814FA00CE9EAD /* Info.plist */,
			);
			path = FlixTests;
			sourceTree = "<group>";
		};
		45D39F44202814FA00CE9EAD /* FlixUITests */ = {
			isa = PBXGroup;
			children = (
				45D39F45202814FA00CE9EAD /* FlixUITests.swift */,
				45D39F47202814FA00CE9EAD /* Info.plist */,
			);
			path = FlixUITests;
			sourceTree = "<group>";
		};
		91FF91DB2031306F00C57C09 /* Views */ = {
			isa = PBXGroup;
			children = (
				45D39F572028266200CE9EAD /* MovieCell.swift */,
				91FF91DF20313BE000C57C09 /* PosterCell.swift */,
			);
			path = Views;
			sourceTree = "<group>";
		};
		91FF91DC2031307D00C57C09 /* ViewControllers */ = {
			isa = PBXGroup;
			children = (
				45D39F55202815C100CE9EAD /* NowPlayingViewController.swift */,
				91FF91DD203130BD00C57C09 /* DetailViewController.swift */,
				91FF91E120313C2600C57C09 /* SuperheroViewController.swift */,
			);
			path = ViewControllers;
			sourceTree = "<group>";
		};
/* End PBXGroup section */

/* Begin PBXNativeTarget section */
		45D39F21202814F900CE9EAD /* Flix */ = {
			isa = PBXNativeTarget;
			buildConfigurationList = 45D39F4A202814FA00CE9EAD /* Build configuration list for PBXNativeTarget "Flix" */;
			buildPhases = (
				526A83B3801C5A673B94AD44 /* [CP] Check Pods Manifest.lock */,
				45D39F1E202814F900CE9EAD /* Sources */,
				45D39F1F202814F900CE9EAD /* Frameworks */,
				45D39F20202814F900CE9EAD /* Resources */,
				EF71930925C2A3CA4BA69E78 /* [CP] Embed Pods Frameworks */,
				7A7BECE67D6E467B4554A192 /* [CP] Copy Pods Resources */,
			);
			buildRules = (
			);
			dependencies = (
			);
			name = Flix;
			productName = Flix;
			productReference = 45D39F22202814F900CE9EAD /* Flix.app */;
			productType = "com.apple.product-type.application";
		};
		45D39F35202814FA00CE9EAD /* FlixTests */ = {
			isa = PBXNativeTarget;
			buildConfigurationList = 45D39F4D202814FA00CE9EAD /* Build configuration list for PBXNativeTarget "FlixTests" */;
			buildPhases = (
				5BEFD157720A918D63FE2AFC /* [CP] Check Pods Manifest.lock */,
				45D39F32202814FA00CE9EAD /* Sources */,
				45D39F33202814FA00CE9EAD /* Frameworks */,
				45D39F34202814FA00CE9EAD /* Resources */,
				01D5B956868D8C0A20187CA6 /* [CP] Embed Pods Frameworks */,
				0E24E201968CCD7BDCF079C0 /* [CP] Copy Pods Resources */,
			);
			buildRules = (
			);
			dependencies = (
				45D39F38202814FA00CE9EAD /* PBXTargetDependency */,
			);
			name = FlixTests;
			productName = FlixTests;
			productReference = 45D39F36202814FA00CE9EAD /* FlixTests.xctest */;
			productType = "com.apple.product-type.bundle.unit-test";
		};
		45D39F40202814FA00CE9EAD /* FlixUITests */ = {
			isa = PBXNativeTarget;
			buildConfigurationList = 45D39F50202814FA00CE9EAD /* Build configuration list for PBXNativeTarget "FlixUITests" */;
			buildPhases = (
				568C8A7864879780F5849E53 /* [CP] Check Pods Manifest.lock */,
				45D39F3D202814FA00CE9EAD /* Sources */,
				45D39F3E202814FA00CE9EAD /* Frameworks */,
				45D39F3F202814FA00CE9EAD /* Resources */,
				787A642D593F7E120B2DE5AF /* [CP] Embed Pods Frameworks */,
				E2D23BEBE220B8F8C48E29A9 /* [CP] Copy Pods Resources */,
			);
			buildRules = (
			);
			dependencies = (
				45D39F43202814FA00CE9EAD /* PBXTargetDependency */,
			);
			name = FlixUITests;
			productName = FlixUITests;
			productReference = 45D39F41202814FA00CE9EAD /* FlixUITests.xctest */;
			productType = "com.apple.product-type.bundle.ui-testing";
		};
/* End PBXNativeTarget section */

/* Begin PBXProject section */
		45D39F1A202814F900CE9EAD /* Project object */ = {
			isa = PBXProject;
			attributes = {
				LastSwiftUpdateCheck = 0920;
				LastUpgradeCheck = 0920;
				ORGANIZATIONNAME = "Aayush Gupta";
				TargetAttributes = {
					45D39F21202814F900CE9EAD = {
						CreatedOnToolsVersion = 9.2;
						ProvisioningStyle = Automatic;
					};
					45D39F35202814FA00CE9EAD = {
						CreatedOnToolsVersion = 9.2;
						ProvisioningStyle = Automatic;
						TestTargetID = 45D39F21202814F900CE9EAD;
					};
					45D39F40202814FA00CE9EAD = {
						CreatedOnToolsVersion = 9.2;
						ProvisioningStyle = Automatic;
						TestTargetID = 45D39F21202814F900CE9EAD;
					};
				};
			};
			buildConfigurationList = 45D39F1D202814F900CE9EAD /* Build configuration list for PBXProject "Flix" */;
			compatibilityVersion = "Xcode 8.0";
			developmentRegion = en;
			hasScannedForEncodings = 0;
			knownRegions = (
				en,
				Base,
			);
			mainGroup = 45D39F19202814F900CE9EAD;
			productRefGroup = 45D39F23202814F900CE9EAD /* Products */;
			projectDirPath = "";
			projectRoot = "";
			targets = (
				45D39F21202814F900CE9EAD /* Flix */,
				45D39F35202814FA00CE9EAD /* FlixTests */,
				45D39F40202814FA00CE9EAD /* FlixUITests */,
			);
		};
/* End PBXProject section */

/* Begin PBXResourcesBuildPhase section */
		45D39F20202814F900CE9EAD /* Resources */ = {
			isa = PBXResourcesBuildPhase;
			buildActionMask = 2147483647;
			files = (
				45D39F30202814F900CE9EAD /* LaunchScreen.storyboard in Resources */,
				45D39F2D202814F900CE9EAD /* Assets.xcassets in Resources */,
				45D39F2B202814F900CE9EAD /* Main.storyboard in Resources */,
			);
			runOnlyForDeploymentPostprocessing = 0;
		};
		45D39F34202814FA00CE9EAD /* Resources */ = {
			isa = PBXResourcesBuildPhase;
			buildActionMask = 2147483647;
			files = (
			);
			runOnlyForDeploymentPostprocessing = 0;
		};
		45D39F3F202814FA00CE9EAD /* Resources */ = {
			isa = PBXResourcesBuildPhase;
			buildActionMask = 2147483647;
			files = (
			);
			runOnlyForDeploymentPostprocessing = 0;
		};
/* End PBXResourcesBuildPhase section */

/* Begin PBXShellScriptBuildPhase section */
		01D5B956868D8C0A20187CA6 /* [CP] Embed Pods Frameworks */ = {
			isa = PBXShellScriptBuildPhase;
			buildActionMask = 2147483647;
			files = (
			);
			inputPaths = (
			);
			name = "[CP] Embed Pods Frameworks";
			outputPaths = (
			);
			runOnlyForDeploymentPostprocessing = 0;
			shellPath = /bin/sh;
			shellScript = "\"${SRCROOT}/Pods/Target Support Files/Pods-FlixTests/Pods-FlixTests-frameworks.sh\"\n";
			showEnvVarsInLog = 0;
		};
		0E24E201968CCD7BDCF079C0 /* [CP] Copy Pods Resources */ = {
			isa = PBXShellScriptBuildPhase;
			buildActionMask = 2147483647;
			files = (
			);
			inputPaths = (
			);
			name = "[CP] Copy Pods Resources";
			outputPaths = (
			);
			runOnlyForDeploymentPostprocessing = 0;
			shellPath = /bin/sh;
			shellScript = "\"${SRCROOT}/Pods/Target Support Files/Pods-FlixTests/Pods-FlixTests-resources.sh\"\n";
			showEnvVarsInLog = 0;
		};
		526A83B3801C5A673B94AD44 /* [CP] Check Pods Manifest.lock */ = {
			isa = PBXShellScriptBuildPhase;
			buildActionMask = 2147483647;
			files = (
			);
			inputPaths = (
				"${PODS_PODFILE_DIR_PATH}/Podfile.lock",
				"${PODS_ROOT}/Manifest.lock",
			);
			name = "[CP] Check Pods Manifest.lock";
			outputPaths = (
				"$(DERIVED_FILE_DIR)/Pods-Flix-checkManifestLockResult.txt",
			);
			runOnlyForDeploymentPostprocessing = 0;
			shellPath = /bin/sh;
			shellScript = "diff \"${PODS_PODFILE_DIR_PATH}/Podfile.lock\" \"${PODS_ROOT}/Manifest.lock\" > /dev/null\nif [ $? != 0 ] ; then\n    # print error to STDERR\n    echo \"error: The sandbox is not in sync with the Podfile.lock. Run 'pod install' or update your CocoaPods installation.\" >&2\n    exit 1\nfi\n# This output is used by Xcode 'outputs' to avoid re-running this script phase.\necho \"SUCCESS\" > \"${SCRIPT_OUTPUT_FILE_0}\"\n";
			showEnvVarsInLog = 0;
		};
		568C8A7864879780F5849E53 /* [CP] Check Pods Manifest.lock */ = {
			isa = PBXShellScriptBuildPhase;
			buildActionMask = 2147483647;
			files = (
			);
			inputPaths = (
				"${PODS_PODFILE_DIR_PATH}/Podfile.lock",
				"${PODS_ROOT}/Manifest.lock",
			);
			name = "[CP] Check Pods Manifest.lock";
			outputPaths = (
				"$(DERIVED_FILE_DIR)/Pods-FlixUITests-checkManifestLockResult.txt",
			);
			runOnlyForDeploymentPostprocessing = 0;
			shellPath = /bin/sh;
			shellScript = "diff \"${PODS_PODFILE_DIR_PATH}/Podfile.lock\" \"${PODS_ROOT}/Manifest.lock\" > /dev/null\nif [ $? != 0 ] ; then\n    # print error to STDERR\n    echo \"error: The sandbox is not in sync with the Podfile.lock. Run 'pod install' or update your CocoaPods installation.\" >&2\n    exit 1\nfi\n# This output is used by Xcode 'outputs' to avoid re-running this script phase.\necho \"SUCCESS\" > \"${SCRIPT_OUTPUT_FILE_0}\"\n";
			showEnvVarsInLog = 0;
		};
		5BEFD157720A918D63FE2AFC /* [CP] Check Pods Manifest.lock */ = {
			isa = PBXShellScriptBuildPhase;
			buildActionMask = 2147483647;
			files = (
			);
			inputPaths = (
				"${PODS_PODFILE_DIR_PATH}/Podfile.lock",
				"${PODS_ROOT}/Manifest.lock",
			);
			name = "[CP] Check Pods Manifest.lock";
			outputPaths = (
				"$(DERIVED_FILE_DIR)/Pods-FlixTests-checkManifestLockResult.txt",
			);
			runOnlyForDeploymentPostprocessing = 0;
			shellPath = /bin/sh;
			shellScript = "diff \"${PODS_PODFILE_DIR_PATH}/Podfile.lock\" \"${PODS_ROOT}/Manifest.lock\" > /dev/null\nif [ $? != 0 ] ; then\n    # print error to STDERR\n    echo \"error: The sandbox is not in sync with the Podfile.lock. Run 'pod install' or update your CocoaPods installation.\" >&2\n    exit 1\nfi\n# This output is used by Xcode 'outputs' to avoid re-running this script phase.\necho \"SUCCESS\" > \"${SCRIPT_OUTPUT_FILE_0}\"\n";
			showEnvVarsInLog = 0;
		};
		787A642D593F7E120B2DE5AF /* [CP] Embed Pods Frameworks */ = {
			isa = PBXShellScriptBuildPhase;
			buildActionMask = 2147483647;
			files = (
			);
			inputPaths = (
			);
			name = "[CP] Embed Pods Frameworks";
			outputPaths = (
			);
			runOnlyForDeploymentPostprocessing = 0;
			shellPath = /bin/sh;
			shellScript = "\"${SRCROOT}/Pods/Target Support Files/Pods-FlixUITests/Pods-FlixUITests-frameworks.sh\"\n";
			showEnvVarsInLog = 0;
		};
		7A7BECE67D6E467B4554A192 /* [CP] Copy Pods Resources */ = {
			isa = PBXShellScriptBuildPhase;
			buildActionMask = 2147483647;
			files = (
			);
			inputPaths = (
			);
			name = "[CP] Copy Pods Resources";
			outputPaths = (
			);
			runOnlyForDeploymentPostprocessing = 0;
			shellPath = /bin/sh;
			shellScript = "\"${SRCROOT}/Pods/Target Support Files/Pods-Flix/Pods-Flix-resources.sh\"\n";
			showEnvVarsInLog = 0;
		};
		E2D23BEBE220B8F8C48E29A9 /* [CP] Copy Pods Resources */ = {
			isa = PBXShellScriptBuildPhase;
			buildActionMask = 2147483647;
			files = (
			);
			inputPaths = (
			);
			name = "[CP] Copy Pods Resources";
			outputPaths = (
			);
			runOnlyForDeploymentPostprocessing = 0;
			shellPath = /bin/sh;
			shellScript = "\"${SRCROOT}/Pods/Target Support Files/Pods-FlixUITests/Pods-FlixUITests-resources.sh\"\n";
			showEnvVarsInLog = 0;
		};
		EF71930925C2A3CA4BA69E78 /* [CP] Embed Pods Frameworks */ = {
			isa = PBXShellScriptBuildPhase;
			buildActionMask = 2147483647;
			files = (
			);
			inputPaths = (
				"${SRCROOT}/Pods/Target Support Files/Pods-Flix/Pods-Flix-frameworks.sh",
				"${BUILT_PRODUCTS_DIR}/Alamofire/Alamofire.framework",
				"${BUILT_PRODUCTS_DIR}/AlamofireImage/AlamofireImage.framework",
			);
			name = "[CP] Embed Pods Frameworks";
			outputPaths = (
				"${TARGET_BUILD_DIR}/${FRAMEWORKS_FOLDER_PATH}/Alamofire.framework",
				"${TARGET_BUILD_DIR}/${FRAMEWORKS_FOLDER_PATH}/AlamofireImage.framework",
			);
			runOnlyForDeploymentPostprocessing = 0;
			shellPath = /bin/sh;
			shellScript = "\"${SRCROOT}/Pods/Target Support Files/Pods-Flix/Pods-Flix-frameworks.sh\"\n";
			showEnvVarsInLog = 0;
		};
/* End PBXShellScriptBuildPhase section */

/* Begin PBXSourcesBuildPhase section */
		45D39F1E202814F900CE9EAD /* Sources */ = {
			isa = PBXSourcesBuildPhase;
			buildActionMask = 2147483647;
			files = (
				09FF1E37204C72F200BEF258 /* Movie.swift in Sources */,
				45D39F56202815C100CE9EAD /* NowPlayingViewController.swift in Sources */,
				91FF91E020313BE000C57C09 /* PosterCell.swift in Sources */,
				91FF91E220313C2600C57C09 /* SuperheroViewController.swift in Sources */,
				45D39F26202814F900CE9EAD /* AppDelegate.swift in Sources */,
				09FF1E39204C78CE00BEF258 /* MovieAPIManager.swift in Sources */,
				45D39F582028266200CE9EAD /* MovieCell.swift in Sources */,
				91FF91DE203130BD00C57C09 /* DetailViewController.swift in Sources */,
			);
			runOnlyForDeploymentPostprocessing = 0;
		};
		45D39F32202814FA00CE9EAD /* Sources */ = {
			isa = PBXSourcesBuildPhase;
			buildActionMask = 2147483647;
			files = (
				45D39F3B202814FA00CE9EAD /* FlixTests.swift in Sources */,
			);
			runOnlyForDeploymentPostprocessing = 0;
		};
		45D39F3D202814FA00CE9EAD /* Sources */ = {
			isa = PBXSourcesBuildPhase;
			buildActionMask = 2147483647;
			files = (
				45D39F46202814FA00CE9EAD /* FlixUITests.swift in Sources */,
			);
			runOnlyForDeploymentPostprocessing = 0;
		};
/* End PBXSourcesBuildPhase section */

/* Begin PBXTargetDependency section */
		45D39F38202814FA00CE9EAD /* PBXTargetDependency */ = {
			isa = PBXTargetDependency;
			target = 45D39F21202814F900CE9EAD /* Flix */;
			targetProxy = 45D39F37202814FA00CE9EAD /* PBXContainerItemProxy */;
		};
		45D39F43202814FA00CE9EAD /* PBXTargetDependency */ = {
			isa = PBXTargetDependency;
			target = 45D39F21202814F900CE9EAD /* Flix */;
			targetProxy = 45D39F42202814FA00CE9EAD /* PBXContainerItemProxy */;
		};
/* End PBXTargetDependency section */

/* Begin PBXVariantGroup section */
		45D39F29202814F900CE9EAD /* Main.storyboard */ = {
			isa = PBXVariantGroup;
			children = (
				45D39F2A202814F900CE9EAD /* Base */,
			);
			name = Main.storyboard;
			sourceTree = "<group>";
		};
		45D39F2E202814F900CE9EAD /* LaunchScreen.storyboard */ = {
			isa = PBXVariantGroup;
			children = (
				45D39F2F202814F900CE9EAD /* Base */,
			);
			name = LaunchScreen.storyboard;
			sourceTree = "<group>";
		};
/* End PBXVariantGroup section */

/* Begin XCBuildConfiguration section */
		45D39F48202814FA00CE9EAD /* Debug */ = {
			isa = XCBuildConfiguration;
			buildSettings = {
				ALWAYS_SEARCH_USER_PATHS = NO;
				CLANG_ANALYZER_NONNULL = YES;
				CLANG_ANALYZER_NUMBER_OBJECT_CONVERSION = YES_AGGRESSIVE;
				CLANG_CXX_LANGUAGE_STANDARD = "gnu++14";
				CLANG_CXX_LIBRARY = "libc++";
				CLANG_ENABLE_MODULES = YES;
				CLANG_ENABLE_OBJC_ARC = YES;
				CLANG_WARN_BLOCK_CAPTURE_AUTORELEASING = YES;
				CLANG_WARN_BOOL_CONVERSION = YES;
				CLANG_WARN_COMMA = YES;
				CLANG_WARN_CONSTANT_CONVERSION = YES;
				CLANG_WARN_DIRECT_OBJC_ISA_USAGE = YES_ERROR;
				CLANG_WARN_DOCUMENTATION_COMMENTS = YES;
				CLANG_WARN_EMPTY_BODY = YES;
				CLANG_WARN_ENUM_CONVERSION = YES;
				CLANG_WARN_INFINITE_RECURSION = YES;
				CLANG_WARN_INT_CONVERSION = YES;
				CLANG_WARN_NON_LITERAL_NULL_CONVERSION = YES;
				CLANG_WARN_OBJC_LITERAL_CONVERSION = YES;
				CLANG_WARN_OBJC_ROOT_CLASS = YES_ERROR;
				CLANG_WARN_RANGE_LOOP_ANALYSIS = YES;
				CLANG_WARN_STRICT_PROTOTYPES = YES;
				CLANG_WARN_SUSPICIOUS_MOVE = YES;
				CLANG_WARN_UNGUARDED_AVAILABILITY = YES_AGGRESSIVE;
				CLANG_WARN_UNREACHABLE_CODE = YES;
				CLANG_WARN__DUPLICATE_METHOD_MATCH = YES;
				CODE_SIGN_IDENTITY = "iPhone Developer";
				COPY_PHASE_STRIP = NO;
				DEBUG_INFORMATION_FORMAT = dwarf;
				ENABLE_STRICT_OBJC_MSGSEND = YES;
				ENABLE_TESTABILITY = YES;
				GCC_C_LANGUAGE_STANDARD = gnu11;
				GCC_DYNAMIC_NO_PIC = NO;
				GCC_NO_COMMON_BLOCKS = YES;
				GCC_OPTIMIZATION_LEVEL = 0;
				GCC_PREPROCESSOR_DEFINITIONS = (
					"DEBUG=1",
					"$(inherited)",
				);
				GCC_WARN_64_TO_32_BIT_CONVERSION = YES;
				GCC_WARN_ABOUT_RETURN_TYPE = YES_ERROR;
				GCC_WARN_UNDECLARED_SELECTOR = YES;
				GCC_WARN_UNINITIALIZED_AUTOS = YES_AGGRESSIVE;
				GCC_WARN_UNUSED_FUNCTION = YES;
				GCC_WARN_UNUSED_VARIABLE = YES;
				IPHONEOS_DEPLOYMENT_TARGET = 11.2;
				MTL_ENABLE_DEBUG_INFO = YES;
				ONLY_ACTIVE_ARCH = YES;
				SDKROOT = iphoneos;
				SWIFT_ACTIVE_COMPILATION_CONDITIONS = DEBUG;
				SWIFT_OPTIMIZATION_LEVEL = "-Onone";
			};
			name = Debug;
		};
		45D39F49202814FA00CE9EAD /* Release */ = {
			isa = XCBuildConfiguration;
			buildSettings = {
				ALWAYS_SEARCH_USER_PATHS = NO;
				CLANG_ANALYZER_NONNULL = YES;
				CLANG_ANALYZER_NUMBER_OBJECT_CONVERSION = YES_AGGRESSIVE;
				CLANG_CXX_LANGUAGE_STANDARD = "gnu++14";
				CLANG_CXX_LIBRARY = "libc++";
				CLANG_ENABLE_MODULES = YES;
				CLANG_ENABLE_OBJC_ARC = YES;
				CLANG_WARN_BLOCK_CAPTURE_AUTORELEASING = YES;
				CLANG_WARN_BOOL_CONVERSION = YES;
				CLANG_WARN_COMMA = YES;
				CLANG_WARN_CONSTANT_CONVERSION = YES;
				CLANG_WARN_DIRECT_OBJC_ISA_USAGE = YES_ERROR;
				CLANG_WARN_DOCUMENTATION_COMMENTS = YES;
				CLANG_WARN_EMPTY_BODY = YES;
				CLANG_WARN_ENUM_CONVERSION = YES;
				CLANG_WARN_INFINITE_RECURSION = YES;
				CLANG_WARN_INT_CONVERSION = YES;
				CLANG_WARN_NON_LITERAL_NULL_CONVERSION = YES;
				CLANG_WARN_OBJC_LITERAL_CONVERSION = YES;
				CLANG_WARN_OBJC_ROOT_CLASS = YES_ERROR;
				CLANG_WARN_RANGE_LOOP_ANALYSIS = YES;
				CLANG_WARN_STRICT_PROTOTYPES = YES;
				CLANG_WARN_SUSPICIOUS_MOVE = YES;
				CLANG_WARN_UNGUARDED_AVAILABILITY = YES_AGGRESSIVE;
				CLANG_WARN_UNREACHABLE_CODE = YES;
				CLANG_WARN__DUPLICATE_METHOD_MATCH = YES;
				CODE_SIGN_IDENTITY = "iPhone Developer";
				COPY_PHASE_STRIP = NO;
				DEBUG_INFORMATION_FORMAT = "dwarf-with-dsym";
				ENABLE_NS_ASSERTIONS = NO;
				ENABLE_STRICT_OBJC_MSGSEND = YES;
				GCC_C_LANGUAGE_STANDARD = gnu11;
				GCC_NO_COMMON_BLOCKS = YES;
				GCC_WARN_64_TO_32_BIT_CONVERSION = YES;
				GCC_WARN_ABOUT_RETURN_TYPE = YES_ERROR;
				GCC_WARN_UNDECLARED_SELECTOR = YES;
				GCC_WARN_UNINITIALIZED_AUTOS = YES_AGGRESSIVE;
				GCC_WARN_UNUSED_FUNCTION = YES;
				GCC_WARN_UNUSED_VARIABLE = YES;
				IPHONEOS_DEPLOYMENT_TARGET = 11.2;
				MTL_ENABLE_DEBUG_INFO = NO;
				SDKROOT = iphoneos;
				SWIFT_OPTIMIZATION_LEVEL = "-Owholemodule";
				VALIDATE_PRODUCT = YES;
			};
			name = Release;
		};
		45D39F4B202814FA00CE9EAD /* Debug */ = {
			isa = XCBuildConfiguration;
			baseConfigurationReference = E147CD26A6F3A0707883BCBA /* Pods-Flix.debug.xcconfig */;
			buildSettings = {
				ASSETCATALOG_COMPILER_APPICON_NAME = AppIcon;
				CODE_SIGN_STYLE = Automatic;
				INFOPLIST_FILE = Flix/Info.plist;
				LD_RUNPATH_SEARCH_PATHS = "$(inherited) @executable_path/Frameworks";
				PRODUCT_BUNDLE_IDENTIFIER = None.Flix;
				PRODUCT_NAME = "$(TARGET_NAME)";
				SWIFT_VERSION = 4.0;
				TARGETED_DEVICE_FAMILY = "1,2";
			};
			name = Debug;
		};
		45D39F4C202814FA00CE9EAD /* Release */ = {
			isa = XCBuildConfiguration;
			baseConfigurationReference = BC6F2ABE088BC7C091CA0544 /* Pods-Flix.release.xcconfig */;
			buildSettings = {
				ASSETCATALOG_COMPILER_APPICON_NAME = AppIcon;
				CODE_SIGN_STYLE = Automatic;
				INFOPLIST_FILE = Flix/Info.plist;
				LD_RUNPATH_SEARCH_PATHS = "$(inherited) @executable_path/Frameworks";
				PRODUCT_BUNDLE_IDENTIFIER = None.Flix;
				PRODUCT_NAME = "$(TARGET_NAME)";
				SWIFT_VERSION = 4.0;
				TARGETED_DEVICE_FAMILY = "1,2";
			};
			name = Release;
		};
		45D39F4E202814FA00CE9EAD /* Debug */ = {
			isa = XCBuildConfiguration;
			baseConfigurationReference = 7EBCFCF57D9977CD943EBB61 /* Pods-FlixTests.debug.xcconfig */;
			buildSettings = {
				ALWAYS_EMBED_SWIFT_STANDARD_LIBRARIES = YES;
				BUNDLE_LOADER = "$(TEST_HOST)";
				CODE_SIGN_STYLE = Automatic;
				INFOPLIST_FILE = FlixTests/Info.plist;
				LD_RUNPATH_SEARCH_PATHS = "$(inherited) @executable_path/Frameworks @loader_path/Frameworks";
				PRODUCT_BUNDLE_IDENTIFIER = None.FlixTests;
				PRODUCT_NAME = "$(TARGET_NAME)";
				SWIFT_VERSION = 4.0;
				TARGETED_DEVICE_FAMILY = "1,2";
				TEST_HOST = "$(BUILT_PRODUCTS_DIR)/Flix.app/Flix";
			};
			name = Debug;
		};
		45D39F4F202814FA00CE9EAD /* Release */ = {
			isa = XCBuildConfiguration;
			baseConfigurationReference = B9C698AD258B76AF1E34AF58 /* Pods-FlixTests.release.xcconfig */;
			buildSettings = {
				ALWAYS_EMBED_SWIFT_STANDARD_LIBRARIES = YES;
				BUNDLE_LOADER = "$(TEST_HOST)";
				CODE_SIGN_STYLE = Automatic;
				INFOPLIST_FILE = FlixTests/Info.plist;
				LD_RUNPATH_SEARCH_PATHS = "$(inherited) @executable_path/Frameworks @loader_path/Frameworks";
				PRODUCT_BUNDLE_IDENTIFIER = None.FlixTests;
				PRODUCT_NAME = "$(TARGET_NAME)";
				SWIFT_VERSION = 4.0;
				TARGETED_DEVICE_FAMILY = "1,2";
				TEST_HOST = "$(BUILT_PRODUCTS_DIR)/Flix.app/Flix";
			};
			name = Release;
		};
		45D39F51202814FA00CE9EAD /* Debug */ = {
			isa = XCBuildConfiguration;
			baseConfigurationReference = AB1210F0BA08E2A8FDD33D2E /* Pods-FlixUITests.debug.xcconfig */;
			buildSettings = {
				ALWAYS_EMBED_SWIFT_STANDARD_LIBRARIES = YES;
				CODE_SIGN_STYLE = Automatic;
				INFOPLIST_FILE = FlixUITests/Info.plist;
				LD_RUNPATH_SEARCH_PATHS = "$(inherited) @executable_path/Frameworks @loader_path/Frameworks";
				PRODUCT_BUNDLE_IDENTIFIER = None.FlixUITests;
				PRODUCT_NAME = "$(TARGET_NAME)";
				SWIFT_VERSION = 4.0;
				TARGETED_DEVICE_FAMILY = "1,2";
				TEST_TARGET_NAME = Flix;
			};
			name = Debug;
		};
		45D39F52202814FA00CE9EAD /* Release */ = {
			isa = XCBuildConfiguration;
			baseConfigurationReference = 42056F8FBDA8DE000140FBF6 /* Pods-FlixUITests.release.xcconfig */;
			buildSettings = {
				ALWAYS_EMBED_SWIFT_STANDARD_LIBRARIES = YES;
				CODE_SIGN_STYLE = Automatic;
				INFOPLIST_FILE = FlixUITests/Info.plist;
				LD_RUNPATH_SEARCH_PATHS = "$(inherited) @executable_path/Frameworks @loader_path/Frameworks";
				PRODUCT_BUNDLE_IDENTIFIER = None.FlixUITests;
				PRODUCT_NAME = "$(TARGET_NAME)";
				SWIFT_VERSION = 4.0;
				TARGETED_DEVICE_FAMILY = "1,2";
				TEST_TARGET_NAME = Flix;
			};
			name = Release;
		};
/* End XCBuildConfiguration section */

/* Begin XCConfigurationList section */
		45D39F1D202814F900CE9EAD /* Build configuration list for PBXProject "Flix" */ = {
			isa = XCConfigurationList;
			buildConfigurations = (
				45D39F48202814FA00CE9EAD /* Debug */,
				45D39F49202814FA00CE9EAD /* Release */,
			);
			defaultConfigurationIsVisible = 0;
			defaultConfigurationName = Release;
		};
		45D39F4A202814FA00CE9EAD /* Build configuration list for PBXNativeTarget "Flix" */ = {
			isa = XCConfigurationList;
			buildConfigurations = (
				45D39F4B202814FA00CE9EAD /* Debug */,
				45D39F4C202814FA00CE9EAD /* Release */,
			);
			defaultConfigurationIsVisible = 0;
			defaultConfigurationName = Release;
		};
		45D39F4D202814FA00CE9EAD /* Build configuration list for PBXNativeTarget "FlixTests" */ = {
			isa = XCConfigurationList;
			buildConfigurations = (
				45D39F4E202814FA00CE9EAD /* Debug */,
				45D39F4F202814FA00CE9EAD /* Release */,
			);
			defaultConfigurationIsVisible = 0;
			defaultConfigurationName = Release;
		};
		45D39F50202814FA00CE9EAD /* Build configuration list for PBXNativeTarget "FlixUITests" */ = {
			isa = XCConfigurationList;
			buildConfigurations = (
				45D39F51202814FA00CE9EAD /* Debug */,
				45D39F52202814FA00CE9EAD /* Release */,
			);
			defaultConfigurationIsVisible = 0;
			defaultConfigurationName = Release;
		};
/* End XCConfigurationList section */
	};
	rootObject = 45D39F1A202814F900CE9EAD /* Project object */;
}
